github.com/tomasstrnad1997/mines/mines v0.0.0-20250422123616-21be242d712e h1:FRQVQy8+R7+hInPYZLN3dcjpAFIbEo6/OR/6zGau/Pk=
github.com/tomasstrnad1997/mines/mines v0.0.0-20250422123616-21be242d712e/go.mod h1:CSCptcHR4SzW53/rFhAm1Q7vjbciYeHNJlhiaBATv7c=
github.com/tomasstrnad1997/mines/mines v0.0.0-20250422125620-d689d4e4c976 h1:bl9AYBfhx2ZcAlmepwgX8Bb/eczFz2XfoHx+DNqVfE8=
github.com/tomasstrnad1997/mines/mines v0.0.0-20250422125620-d689d4e4c976/go.mod h1:CSCptcHR4SzW53/rFhAm1Q7vjbciYeHNJlhiaBATv7c=
github.com/tomasstrnad1997/mines/protocol v0.0.0-20250422124728-68721fa9d3a1 h1:UD7MNnLYZrQwNO3WOeDclAnFlL1PNeALbw/DJrmdcQM=
github.com/tomasstrnad1997/mines/protocol v0.0.0-20250422124728-68721fa9d3a1/go.mod h1:F54/EC/UlZFb9A6Pclonrc5tzyBxdPiqGZz0RMevfPg=
