github.com/mattn/go-sqlite3 v1.14.28 h1:ThEiQrnbtumT+QMknw63Befp/ce/nUPgBPMlRFEum7A=
github.com/mattn/go-sqlite3 v1.14.28/go.mod h1:Uh1q+B4BYcTPb+yiD3kU8Ct7aC0hY9fxUwlHK0RXw+Y=
github.com/tomasstrnad1997/mines/players v0.0.0-20250507213621-75d0ed509d03 h1:oS4B08l3CDrsRkB0whJcE7KEngGSfn+VtMdTSDOJqTw=
github.com/tomasstrnad1997/mines/players v0.0.0-20250507213621-75d0ed509d03/go.mod h1:5+09elR/huWiNVKLMul0+qMx77SQVDdJaHSqEUBXcB4=
golang.org/x/crypto v0.38.0 h1:jt+WWG8IZlBnVbomuhg2Mdq0+BBQaHbtqHEFEigjUV8=
golang.org/x/crypto v0.38.0/go.mod h1:MvrbAqul58NNYPKnOra203SB9vpuZW0e+RRZV+Ggqjw=
